{
  "name": "product-checker-test",
  "version": "1.0.0",
  "lockfileVersion": 3,
  "requires": true,
  "packages": {
    "": {
      "name": "product-checker-test",
      "version": "1.0.0",
      "dependencies": {
        "node-fetch": "^2.6.1"
      }
    },
    "apps/web": {
      "version": "0.1.0",
      "extraneous": true,
      "dependencies": {
        "@radix-ui/react-dialog": "^1.1.14",
        "@radix-ui/react-scroll-area": "^1.2.9",
        "@radix-ui/react-slider": "^1.3.5",
        "@radix-ui/react-tabs": "^1.1.12",
        "@radix-ui/react-toggle-group": "^1.1.10",
        "@stripe/react-stripe-js": "^2.4.0",
        "@stripe/stripe-js": "^2.5.0",
        "@supabase/auth-helpers-nextjs": "^0.10.0",
        "@supabase/supabase-js": "^2.49.8",
        "@tailwindcss/postcss": "^4.1.7",
        "date-fns": "^3.6.0",
        "dompurify": "^3.2.6",
        "framer-motion": "^12.15.0",
        "lucide-react": "^0.511.0",
        "next": "15.3.2",
        "react": "^19.0.0",
        "react-dom": "^19.0.0",
        "react-markdown": "^9.1.0",
        "rehype-highlight": "^7.0.2",
        "rehype-raw": "^7.0.0",
        "remark-gfm": "^4.0.1",
        "swr": "^2.3.3",
        "zod": "^3.25.41"
      },
      "devDependencies": {
        "@types/date-fns": "^2.5.3",
        "@types/dompurify": "^3.0.5",
        "@types/node": "^20",
        "@types/react": "^19",
        "@types/react-dom": "^19",
        "autoprefixer": "^10.4.21",
        "eslint": "9.27.0",
        "eslint-config-next": "15.3.2",
        "postcss": "^8.5.3",
        "tailwindcss": "^3.4.17",
        "typescript": "^5"
      }
    },
    "node_modules/node-fetch": {
      "version": "2.7.0",
      "resolved": "https://registry.npmjs.org/node-fetch/-/node-fetch-2.7.0.tgz",
      "integrity": "sha512-c4FRfUm/dbcWZ7U+1Wq0AwCyFL+3nt2bEw05wfxSz+DWpWsitgmSgYmy2dQdWyKC1694ELPqMs/YzUSNozLt8A==",
      "license": "MIT",
      "dependencies": {
        "whatwg-url": "^5.0.0"
      },
      "engines": {
        "node": "4.x || >=6.0.0"
      },
      "peerDependencies": {
        "encoding": "^0.1.0"
      },
      "peerDependenciesMeta": {
        "encoding": {
          "optional": true
        }
      }
    },
    "node_modules/tr46": {
      "version": "0.0.3",
      "resolved": "https://registry.npmjs.org/tr46/-/tr46-0.0.3.tgz",
      "integrity": "sha512-N3WMsuqV66lT30CrXNbEjx4GEwlow3v6rr4mCcv6prnfwhS01rkgyFdjPNBYd9br7LpXV1+Emh01fHnq2Gdgrw==",
      "license": "MIT"
    },
    "node_modules/webidl-conversions": {
      "version": "3.0.1",
      "resolved": "https://registry.npmjs.org/webidl-conversions/-/webidl-conversions-3.0.1.tgz",
      "integrity": "sha512-2JAn3z8AR6rjK8Sm8orRC0h/bcl/DqL7tRPdGZ4I1CjdF+EaMLmYxBHyXuKL849eucPFhvBoxMsflfOb8kxaeQ==",
      "license": "BSD-2-Clause"
    },
    "node_modules/whatwg-url": {
      "version": "5.0.0",
      "resolved": "https://registry.npmjs.org/whatwg-url/-/whatwg-url-5.0.0.tgz",
      "integrity": "sha512-saE57nupxk6v3HY35+jzBwYa0rKSy0XR8JSxZPwgLr7ys0IBzhGviA1/TUGJLmSVqs8pb9AnvICXEuOHLprYTw==",
      "license": "MIT",
      "dependencies": {
        "tr46": "~0.0.3",
        "webidl-conversions": "^3.0.0"
      }
    }
  }
}
